
Microsoft Visual Studio Solution File, Format Version 12.00
# Visual Studio 15
VisualStudioVersion = 15.0.28307.539
MinimumVisualStudioVersion = 10.0.40219.1
Project("{8BC9CEB8-8B4A-11D0-8D11-00A0C91BC942}") = "CA-190401", "CA-190401\CA-190401.vcxproj", "{E4DF6167-F337-47D1-8D23-F9B7AD2E08B7}"
EndProject
Project("{8BC9CEB8-8B4A-11D0-8D11-00A0C91BC942}") = "CA-190402", "Project1\Project1.vcxproj", "{BDBD1E88-3B84-4AEA-8F87-1EB1C993D381}"
EndProject
Project("{2150E333-8FDC-42A3-9474-1A3956D46DE8}") = "Clang", "Clang", "{E12BD45B-165A-4FFE-AD59-0D43D37A861A}"
EndProject
Project("{8BC9CEB8-8B4A-11D0-8D11-00A0C91BC942}") = "CA-190402-2(CLASS)", "Project2\Project2.vcxproj", "{A83C49B3-983E-4756-9308-504222AE9237}"
EndProject
Project("{8BC9CEB8-8B4A-11D0-8D11-00A0C91BC942}") = "CA-190403", "Project3\Project3.vcxproj", "{6869235F-32FC-4B63-91E2-26D7322DBDA0}"
EndProject
Project("{8BC9CEB8-8B4A-11D0-8D11-00A0C91BC942}") = "CA-190404", "Project5\Project5.vcxproj", "{2EC8BDF8-4340-439B-9783-F936E93F0283}"
EndProject
Project("{8BC9CEB8-8B4A-11D0-8D11-00A0C91BC942}") = "RedBook-", "Project6\Project6.vcxproj", "{7ADEC361-93D4-4490-8343-8D8FC9B2E2AB}"
EndProject
Project("{8BC9CEB8-8B4A-11D0-8D11-00A0C91BC942}") = "CA-190405", "Project7\Project7.vcxproj", "{5FD0EA10-DEAB-43F5-8538-B0165FA72987}"
EndProject
Project("{8BC9CEB8-8B4A-11D0-8D11-00A0C91BC942}") = "GG", "GG\GG.vcxproj", "{966CF131-13C0-4A62-A3F8-AEBB3AA3FF48}"
EndProject
Project("{8BC9CEB8-8B4A-11D0-8D11-00A0C91BC942}") = "CA-190407", "CA-190407\CA-190407.vcxproj", "{E86F2F3B-0B2A-47CD-B591-6FE6FB6B2193}"
EndProject
Project("{8BC9CEB8-8B4A-11D0-8D11-00A0C91BC942}") = "HOT C++", "HOT C++\HOT C++.vcxproj", "{721D7B16-4849-4E17-A839-500611BD0ADB}"
EndProject
Project("{8BC9CEB8-8B4A-11D0-8D11-00A0C91BC942}") = "CA-190408", "Project9\Project9.vcxproj", "{1B2B8CF9-B552-45F8-A64E-26101895F3D9}"
EndProject
Project("{8BC9CEB8-8B4A-11D0-8D11-00A0C91BC942}") = "CA-190409", "Project10\Project10.vcxproj", "{5C6151E1-35EB-476F-A0FD-BA7ED5D01964}"
EndProject
Project("{8BC9CEB8-8B4A-11D0-8D11-00A0C91BC942}") = "CA-190410", "CA-190410\CA-190410.vcxproj", "{C3161412-5225-4457-B247-4C519F7E9268}"
EndProject
Project("{8BC9CEB8-8B4A-11D0-8D11-00A0C91BC942}") = "CA-190412", "CA-190412\CA-190412.vcxproj", "{5A601CBB-A38D-4329-B409-A0A0D5198902}"
EndProject
Project("{8BC9CEB8-8B4A-11D0-8D11-00A0C91BC942}") = "FruitSaleSim2", "FruitSaleSim2.cpp\FruitSaleSim2.cpp.vcxproj", "{A7431347-382E-4B7A-927E-92CF69682F26}"
EndProject
Project("{8BC9CEB8-8B4A-11D0-8D11-00A0C91BC942}") = "ref test", "ref test\ref test.vcxproj", "{178A8035-B115-466A-A625-89CEF31FC32B}"
EndProject
Global
	GlobalSection(SolutionConfigurationPlatforms) = preSolution
		Debug|x64 = Debug|x64
		Debug|x86 = Debug|x86
		Release|x64 = Release|x64
		Release|x86 = Release|x86
	EndGlobalSection
	GlobalSection(ProjectConfigurationPlatforms) = postSolution
		{E4DF6167-F337-47D1-8D23-F9B7AD2E08B7}.Debug|x64.ActiveCfg = Debug|x64
		{E4DF6167-F337-47D1-8D23-F9B7AD2E08B7}.Debug|x64.Build.0 = Debug|x64
		{E4DF6167-F337-47D1-8D23-F9B7AD2E08B7}.Debug|x86.ActiveCfg = Debug|Win32
		{E4DF6167-F337-47D1-8D23-F9B7AD2E08B7}.Debug|x86.Build.0 = Debug|Win32
		{E4DF6167-F337-47D1-8D23-F9B7AD2E08B7}.Release|x64.ActiveCfg = Release|x64
		{E4DF6167-F337-47D1-8D23-F9B7AD2E08B7}.Release|x64.Build.0 = Release|x64
		{E4DF6167-F337-47D1-8D23-F9B7AD2E08B7}.Release|x86.ActiveCfg = Release|Win32
		{E4DF6167-F337-47D1-8D23-F9B7AD2E08B7}.Release|x86.Build.0 = Release|Win32
		{BDBD1E88-3B84-4AEA-8F87-1EB1C993D381}.Debug|x64.ActiveCfg = Debug|x64
		{BDBD1E88-3B84-4AEA-8F87-1EB1C993D381}.Debug|x64.Build.0 = Debug|x64
		{BDBD1E88-3B84-4AEA-8F87-1EB1C993D381}.Debug|x86.ActiveCfg = Debug|Win32
		{BDBD1E88-3B84-4AEA-8F87-1EB1C993D381}.Debug|x86.Build.0 = Debug|Win32
		{BDBD1E88-3B84-4AEA-8F87-1EB1C993D381}.Release|x64.ActiveCfg = Release|x64
		{BDBD1E88-3B84-4AEA-8F87-1EB1C993D381}.Release|x64.Build.0 = Release|x64
		{BDBD1E88-3B84-4AEA-8F87-1EB1C993D381}.Release|x86.ActiveCfg = Release|Win32
		{BDBD1E88-3B84-4AEA-8F87-1EB1C993D381}.Release|x86.Build.0 = Release|Win32
		{A83C49B3-983E-4756-9308-504222AE9237}.Debug|x64.ActiveCfg = Debug|x64
		{A83C49B3-983E-4756-9308-504222AE9237}.Debug|x64.Build.0 = Debug|x64
		{A83C49B3-983E-4756-9308-504222AE9237}.Debug|x86.ActiveCfg = Debug|Win32
		{A83C49B3-983E-4756-9308-504222AE9237}.Debug|x86.Build.0 = Debug|Win32
		{A83C49B3-983E-4756-9308-504222AE9237}.Release|x64.ActiveCfg = Release|x64
		{A83C49B3-983E-4756-9308-504222AE9237}.Release|x64.Build.0 = Release|x64
		{A83C49B3-983E-4756-9308-504222AE9237}.Release|x86.ActiveCfg = Release|Win32
		{A83C49B3-983E-4756-9308-504222AE9237}.Release|x86.Build.0 = Release|Win32
		{6869235F-32FC-4B63-91E2-26D7322DBDA0}.Debug|x64.ActiveCfg = Debug|x64
		{6869235F-32FC-4B63-91E2-26D7322DBDA0}.Debug|x64.Build.0 = Debug|x64
		{6869235F-32FC-4B63-91E2-26D7322DBDA0}.Debug|x86.ActiveCfg = Debug|Win32
		{6869235F-32FC-4B63-91E2-26D7322DBDA0}.Debug|x86.Build.0 = Debug|Win32
		{6869235F-32FC-4B63-91E2-26D7322DBDA0}.Release|x64.ActiveCfg = Release|x64
		{6869235F-32FC-4B63-91E2-26D7322DBDA0}.Release|x64.Build.0 = Release|x64
		{6869235F-32FC-4B63-91E2-26D7322DBDA0}.Release|x86.ActiveCfg = Release|Win32
		{6869235F-32FC-4B63-91E2-26D7322DBDA0}.Release|x86.Build.0 = Release|Win32
		{2EC8BDF8-4340-439B-9783-F936E93F0283}.Debug|x64.ActiveCfg = Debug|x64
		{2EC8BDF8-4340-439B-9783-F936E93F0283}.Debug|x64.Build.0 = Debug|x64
		{2EC8BDF8-4340-439B-9783-F936E93F0283}.Debug|x86.ActiveCfg = Debug|Win32
		{2EC8BDF8-4340-439B-9783-F936E93F0283}.Debug|x86.Build.0 = Debug|Win32
		{2EC8BDF8-4340-439B-9783-F936E93F0283}.Release|x64.ActiveCfg = Release|x64
		{2EC8BDF8-4340-439B-9783-F936E93F0283}.Release|x64.Build.0 = Release|x64
		{2EC8BDF8-4340-439B-9783-F936E93F0283}.Release|x86.ActiveCfg = Release|Win32
		{2EC8BDF8-4340-439B-9783-F936E93F0283}.Release|x86.Build.0 = Release|Win32
		{7ADEC361-93D4-4490-8343-8D8FC9B2E2AB}.Debug|x64.ActiveCfg = Debug|x64
		{7ADEC361-93D4-4490-8343-8D8FC9B2E2AB}.Debug|x64.Build.0 = Debug|x64
		{7ADEC361-93D4-4490-8343-8D8FC9B2E2AB}.Debug|x86.ActiveCfg = Debug|Win32
		{7ADEC361-93D4-4490-8343-8D8FC9B2E2AB}.Debug|x86.Build.0 = Debug|Win32
		{7ADEC361-93D4-4490-8343-8D8FC9B2E2AB}.Release|x64.ActiveCfg = Release|x64
		{7ADEC361-93D4-4490-8343-8D8FC9B2E2AB}.Release|x64.Build.0 = Release|x64
		{7ADEC361-93D4-4490-8343-8D8FC9B2E2AB}.Release|x86.ActiveCfg = Release|Win32
		{7ADEC361-93D4-4490-8343-8D8FC9B2E2AB}.Release|x86.Build.0 = Release|Win32
		{5FD0EA10-DEAB-43F5-8538-B0165FA72987}.Debug|x64.ActiveCfg = Debug|x64
		{5FD0EA10-DEAB-43F5-8538-B0165FA72987}.Debug|x64.Build.0 = Debug|x64
		{5FD0EA10-DEAB-43F5-8538-B0165FA72987}.Debug|x86.ActiveCfg = Debug|Win32
		{5FD0EA10-DEAB-43F5-8538-B0165FA72987}.Debug|x86.Build.0 = Debug|Win32
		{5FD0EA10-DEAB-43F5-8538-B0165FA72987}.Release|x64.ActiveCfg = Release|x64
		{5FD0EA10-DEAB-43F5-8538-B0165FA72987}.Release|x64.Build.0 = Release|x64
		{5FD0EA10-DEAB-43F5-8538-B0165FA72987}.Release|x86.ActiveCfg = Release|Win32
		{5FD0EA10-DEAB-43F5-8538-B0165FA72987}.Release|x86.Build.0 = Release|Win32
		{966CF131-13C0-4A62-A3F8-AEBB3AA3FF48}.Debug|x64.ActiveCfg = Debug|x64
		{966CF131-13C0-4A62-A3F8-AEBB3AA3FF48}.Debug|x64.Build.0 = Debug|x64
		{966CF131-13C0-4A62-A3F8-AEBB3AA3FF48}.Debug|x86.ActiveCfg = Debug|Win32
		{966CF131-13C0-4A62-A3F8-AEBB3AA3FF48}.Debug|x86.Build.0 = Debug|Win32
		{966CF131-13C0-4A62-A3F8-AEBB3AA3FF48}.Release|x64.ActiveCfg = Release|x64
		{966CF131-13C0-4A62-A3F8-AEBB3AA3FF48}.Release|x64.Build.0 = Release|x64
		{966CF131-13C0-4A62-A3F8-AEBB3AA3FF48}.Release|x86.ActiveCfg = Release|Win32
		{966CF131-13C0-4A62-A3F8-AEBB3AA3FF48}.Release|x86.Build.0 = Release|Win32
		{E86F2F3B-0B2A-47CD-B591-6FE6FB6B2193}.Debug|x64.ActiveCfg = Debug|x64
		{E86F2F3B-0B2A-47CD-B591-6FE6FB6B2193}.Debug|x64.Build.0 = Debug|x64
		{E86F2F3B-0B2A-47CD-B591-6FE6FB6B2193}.Debug|x86.ActiveCfg = Debug|Win32
		{E86F2F3B-0B2A-47CD-B591-6FE6FB6B2193}.Debug|x86.Build.0 = Debug|Win32
		{E86F2F3B-0B2A-47CD-B591-6FE6FB6B2193}.Release|x64.ActiveCfg = Release|x64
		{E86F2F3B-0B2A-47CD-B591-6FE6FB6B2193}.Release|x64.Build.0 = Release|x64
		{E86F2F3B-0B2A-47CD-B591-6FE6FB6B2193}.Release|x86.ActiveCfg = Release|Win32
		{E86F2F3B-0B2A-47CD-B591-6FE6FB6B2193}.Release|x86.Build.0 = Release|Win32
		{721D7B16-4849-4E17-A839-500611BD0ADB}.Debug|x64.ActiveCfg = Debug|x64
		{721D7B16-4849-4E17-A839-500611BD0ADB}.Debug|x64.Build.0 = Debug|x64
		{721D7B16-4849-4E17-A839-500611BD0ADB}.Debug|x86.ActiveCfg = Debug|Win32
		{721D7B16-4849-4E17-A839-500611BD0ADB}.Debug|x86.Build.0 = Debug|Win32
		{721D7B16-4849-4E17-A839-500611BD0ADB}.Release|x64.ActiveCfg = Release|x64
		{721D7B16-4849-4E17-A839-500611BD0ADB}.Release|x64.Build.0 = Release|x64
		{721D7B16-4849-4E17-A839-500611BD0ADB}.Release|x86.ActiveCfg = Release|Win32
		{721D7B16-4849-4E17-A839-500611BD0ADB}.Release|x86.Build.0 = Release|Win32
		{1B2B8CF9-B552-45F8-A64E-26101895F3D9}.Debug|x64.ActiveCfg = Debug|x64
		{1B2B8CF9-B552-45F8-A64E-26101895F3D9}.Debug|x64.Build.0 = Debug|x64
		{1B2B8CF9-B552-45F8-A64E-26101895F3D9}.Debug|x86.ActiveCfg = Debug|Win32
		{1B2B8CF9-B552-45F8-A64E-26101895F3D9}.Debug|x86.Build.0 = Debug|Win32
		{1B2B8CF9-B552-45F8-A64E-26101895F3D9}.Release|x64.ActiveCfg = Release|x64
		{1B2B8CF9-B552-45F8-A64E-26101895F3D9}.Release|x64.Build.0 = Release|x64
		{1B2B8CF9-B552-45F8-A64E-26101895F3D9}.Release|x86.ActiveCfg = Release|Win32
		{1B2B8CF9-B552-45F8-A64E-26101895F3D9}.Release|x86.Build.0 = Release|Win32
		{5C6151E1-35EB-476F-A0FD-BA7ED5D01964}.Debug|x64.ActiveCfg = Debug|x64
		{5C6151E1-35EB-476F-A0FD-BA7ED5D01964}.Debug|x64.Build.0 = Debug|x64
		{5C6151E1-35EB-476F-A0FD-BA7ED5D01964}.Debug|x86.ActiveCfg = Debug|Win32
		{5C6151E1-35EB-476F-A0FD-BA7ED5D01964}.Debug|x86.Build.0 = Debug|Win32
		{5C6151E1-35EB-476F-A0FD-BA7ED5D01964}.Release|x64.ActiveCfg = Release|x64
		{5C6151E1-35EB-476F-A0FD-BA7ED5D01964}.Release|x64.Build.0 = Release|x64
		{5C6151E1-35EB-476F-A0FD-BA7ED5D01964}.Release|x86.ActiveCfg = Release|Win32
		{5C6151E1-35EB-476F-A0FD-BA7ED5D01964}.Release|x86.Build.0 = Release|Win32
		{C3161412-5225-4457-B247-4C519F7E9268}.Debug|x64.ActiveCfg = Debug|x64
		{C3161412-5225-4457-B247-4C519F7E9268}.Debug|x64.Build.0 = Debug|x64
		{C3161412-5225-4457-B247-4C519F7E9268}.Debug|x86.ActiveCfg = Debug|Win32
		{C3161412-5225-4457-B247-4C519F7E9268}.Debug|x86.Build.0 = Debug|Win32
		{C3161412-5225-4457-B247-4C519F7E9268}.Release|x64.ActiveCfg = Release|x64
		{C3161412-5225-4457-B247-4C519F7E9268}.Release|x64.Build.0 = Release|x64
		{C3161412-5225-4457-B247-4C519F7E9268}.Release|x86.ActiveCfg = Release|Win32
		{C3161412-5225-4457-B247-4C519F7E9268}.Release|x86.Build.0 = Release|Win32
		{5A601CBB-A38D-4329-B409-A0A0D5198902}.Debug|x64.ActiveCfg = Debug|x64
		{5A601CBB-A38D-4329-B409-A0A0D5198902}.Debug|x64.Build.0 = Debug|x64
		{5A601CBB-A38D-4329-B409-A0A0D5198902}.Debug|x86.ActiveCfg = Debug|Win32
		{5A601CBB-A38D-4329-B409-A0A0D5198902}.Debug|x86.Build.0 = Debug|Win32
		{5A601CBB-A38D-4329-B409-A0A0D5198902}.Release|x64.ActiveCfg = Release|x64
		{5A601CBB-A38D-4329-B409-A0A0D5198902}.Release|x64.Build.0 = Release|x64
		{5A601CBB-A38D-4329-B409-A0A0D5198902}.Release|x86.ActiveCfg = Release|Win32
		{5A601CBB-A38D-4329-B409-A0A0D5198902}.Release|x86.Build.0 = Release|Win32
		{A7431347-382E-4B7A-927E-92CF69682F26}.Debug|x64.ActiveCfg = Debug|x64
		{A7431347-382E-4B7A-927E-92CF69682F26}.Debug|x64.Build.0 = Debug|x64
		{A7431347-382E-4B7A-927E-92CF69682F26}.Debug|x86.ActiveCfg = Debug|Win32
		{A7431347-382E-4B7A-927E-92CF69682F26}.Debug|x86.Build.0 = Debug|Win32
		{A7431347-382E-4B7A-927E-92CF69682F26}.Release|x64.ActiveCfg = Release|x64
		{A7431347-382E-4B7A-927E-92CF69682F26}.Release|x64.Build.0 = Release|x64
		{A7431347-382E-4B7A-927E-92CF69682F26}.Release|x86.ActiveCfg = Release|Win32
		{A7431347-382E-4B7A-927E-92CF69682F26}.Release|x86.Build.0 = Release|Win32
		{178A8035-B115-466A-A625-89CEF31FC32B}.Debug|x64.ActiveCfg = Debug|x64
		{178A8035-B115-466A-A625-89CEF31FC32B}.Debug|x64.Build.0 = Debug|x64
		{178A8035-B115-466A-A625-89CEF31FC32B}.Debug|x86.ActiveCfg = Debug|Win32
		{178A8035-B115-466A-A625-89CEF31FC32B}.Debug|x86.Build.0 = Debug|Win32
		{178A8035-B115-466A-A625-89CEF31FC32B}.Release|x64.ActiveCfg = Release|x64
		{178A8035-B115-466A-A625-89CEF31FC32B}.Release|x64.Build.0 = Release|x64
		{178A8035-B115-466A-A625-89CEF31FC32B}.Release|x86.ActiveCfg = Release|Win32
		{178A8035-B115-466A-A625-89CEF31FC32B}.Release|x86.Build.0 = Release|Win32
	EndGlobalSection
	GlobalSection(SolutionProperties) = preSolution
		HideSolutionNode = FALSE
	EndGlobalSection
	GlobalSection(NestedProjects) = preSolution
		{E4DF6167-F337-47D1-8D23-F9B7AD2E08B7} = {E12BD45B-165A-4FFE-AD59-0D43D37A861A}
		{BDBD1E88-3B84-4AEA-8F87-1EB1C993D381} = {E12BD45B-165A-4FFE-AD59-0D43D37A861A}
		{A83C49B3-983E-4756-9308-504222AE9237} = {E12BD45B-165A-4FFE-AD59-0D43D37A861A}
		{6869235F-32FC-4B63-91E2-26D7322DBDA0} = {E12BD45B-165A-4FFE-AD59-0D43D37A861A}
		{2EC8BDF8-4340-439B-9783-F936E93F0283} = {E12BD45B-165A-4FFE-AD59-0D43D37A861A}
		{5FD0EA10-DEAB-43F5-8538-B0165FA72987} = {E12BD45B-165A-4FFE-AD59-0D43D37A861A}
		{966CF131-13C0-4A62-A3F8-AEBB3AA3FF48} = {E12BD45B-165A-4FFE-AD59-0D43D37A861A}
		{E86F2F3B-0B2A-47CD-B591-6FE6FB6B2193} = {E12BD45B-165A-4FFE-AD59-0D43D37A861A}
		{721D7B16-4849-4E17-A839-500611BD0ADB} = {E12BD45B-165A-4FFE-AD59-0D43D37A861A}
		{1B2B8CF9-B552-45F8-A64E-26101895F3D9} = {E12BD45B-165A-4FFE-AD59-0D43D37A861A}
		{5C6151E1-35EB-476F-A0FD-BA7ED5D01964} = {E12BD45B-165A-4FFE-AD59-0D43D37A861A}
		{C3161412-5225-4457-B247-4C519F7E9268} = {E12BD45B-165A-4FFE-AD59-0D43D37A861A}
		{5A601CBB-A38D-4329-B409-A0A0D5198902} = {E12BD45B-165A-4FFE-AD59-0D43D37A861A}
		{A7431347-382E-4B7A-927E-92CF69682F26} = {E12BD45B-165A-4FFE-AD59-0D43D37A861A}
		{178A8035-B115-466A-A625-89CEF31FC32B} = {E12BD45B-165A-4FFE-AD59-0D43D37A861A}
	EndGlobalSection
	GlobalSection(ExtensibilityGlobals) = postSolution
		SolutionGuid = {E64E7731-D73F-4374-93E0-A0FC2531F5CF}
	EndGlobalSection
EndGlobal
