
Microsoft Visual Studio Solution File, Format Version 12.00
# Visual Studio 15
VisualStudioVersion = 15.0.28307.168
MinimumVisualStudioVersion = 10.0.40219.1
Project("{8BC9CEB8-8B4A-11D0-8D11-00A0C91BC942}") = "ConsoleApplication3", "ConsoleApplication3\ConsoleApplication3.vcxproj", "{66E0D8F1-C361-4583-9C8F-66F6D6AFF7FF}"
EndProject
Global
	GlobalSection(SolutionConfigurationPlatforms) = preSolution
		Debug|x64 = Debug|x64
		Debug|x86 = Debug|x86
		Release|x64 = Release|x64
		Release|x86 = Release|x86
	EndGlobalSection
	GlobalSection(ProjectConfigurationPlatforms) = postSolution
		{66E0D8F1-C361-4583-9C8F-66F6D6AFF7FF}.Debug|x64.ActiveCfg = Debug|x64
		{66E0D8F1-C361-4583-9C8F-66F6D6AFF7FF}.Debug|x64.Build.0 = Debug|x64
		{66E0D8F1-C361-4583-9C8F-66F6D6AFF7FF}.Debug|x86.ActiveCfg = Debug|Win32
		{66E0D8F1-C361-4583-9C8F-66F6D6AFF7FF}.Debug|x86.Build.0 = Debug|Win32
		{66E0D8F1-C361-4583-9C8F-66F6D6AFF7FF}.Release|x64.ActiveCfg = Release|x64
		{66E0D8F1-C361-4583-9C8F-66F6D6AFF7FF}.Release|x64.Build.0 = Release|x64
		{66E0D8F1-C361-4583-9C8F-66F6D6AFF7FF}.Release|x86.ActiveCfg = Release|Win32
		{66E0D8F1-C361-4583-9C8F-66F6D6AFF7FF}.Release|x86.Build.0 = Release|Win32
	EndGlobalSection
	GlobalSection(SolutionProperties) = preSolution
		HideSolutionNode = FALSE
	EndGlobalSection
	GlobalSection(ExtensibilityGlobals) = postSolution
		SolutionGuid = {5038C8CC-0C8C-47A7-A0C7-C9AA130A8D2E}
	EndGlobalSection
EndGlobal
